// !$*UTF8*$!
{
	archiveVersion = 1;
	classes = {
	};
	objectVersion = 46;
	objects = {

/* Begin PBXBuildFile section */
		559AA7641D58E96E00316948 /* AppDelegate.swift in Sources */ = {isa = PBXBuildFile; fileRef = 559AA7631D58E96E00316948 /* AppDelegate.swift */; };
		559AA7661D58E96E00316948 /* ViewController.swift in Sources */ = {isa = PBXBuildFile; fileRef = 559AA7651D58E96E00316948 /* ViewController.swift */; };
		559AA7691D58E96E00316948 /* Main.storyboard in Resources */ = {isa = PBXBuildFile; fileRef = 559AA7671D58E96E00316948 /* Main.storyboard */; };
		559AA76B1D58E96E00316948 /* Assets.xcassets in Resources */ = {isa = PBXBuildFile; fileRef = 559AA76A1D58E96E00316948 /* Assets.xcassets */; };
		559AA76E1D58E96E00316948 /* LaunchScreen.storyboard in Resources */ = {isa = PBXBuildFile; fileRef = 559AA76C1D58E96E00316948 /* LaunchScreen.storyboard */; };
		559AA7781D58F41F00316948 /* ImageCarouselView.swift in Sources */ = {isa = PBXBuildFile; fileRef = 559AA7771D58F41F00316948 /* ImageCarouselView.swift */; };
/* End PBXBuildFile section */

/* Begin PBXFileReference section */
		559AA7601D58E96E00316948 /* Image Carousel.app */ = {isa = PBXFileReference; explicitFileType = wrapper.application; includeInIndex = 0; path = "Image Carousel.app"; sourceTree = BUILT_PRODUCTS_DIR; };
		559AA7631D58E96E00316948 /* AppDelegate.swift */ = {isa = PBXFileReference; lastKnownFileType = sourcecode.swift; path = AppDelegate.swift; sourceTree = "<group>"; };
		559AA7651D58E96E00316948 /* ViewController.swift */ = {isa = PBXFileReference; lastKnownFileType = sourcecode.swift; path = ViewController.swift; sourceTree = "<group>"; };
		559AA7681D58E96E00316948 /* Base */ = {isa = PBXFileReference; lastKnownFileType = file.storyboard; name = Base; path = Base.lproj/Main.storyboard; sourceTree = "<group>"; };
		559AA76A1D58E96E00316948 /* Assets.xcassets */ = {isa = PBXFileReference; lastKnownFileType = folder.assetcatalog; path = Assets.xcassets; sourceTree = "<group>"; };
		559AA76D1D58E96E00316948 /* Base */ = {isa = PBXFileReference; lastKnownFileType = file.storyboard; name = Base; path = Base.lproj/LaunchScreen.storyboard; sourceTree = "<group>"; };
		559AA76F1D58E96E00316948 /* Info.plist */ = {isa = PBXFileReference; lastKnownFileType = text.plist.xml; path = Info.plist; sourceTree = "<group>"; };
		559AA7771D58F41F00316948 /* ImageCarouselView.swift */ = {isa = PBXFileReference; fileEncoding = 4; lastKnownFileType = sourcecode.swift; path = ImageCarouselView.swift; sourceTree = "<group>"; };
/* End PBXFileReference section */

/* Begin PBXFrameworksBuildPhase section */
		559AA75D1D58E96E00316948 /* Frameworks */ = {
			isa = PBXFrameworksBuildPhase;
			buildActionMask = 2147483647;
			files = (
			);
			runOnlyForDeploymentPostprocessing = 0;
		};
/* End PBXFrameworksBuildPhase section */

/* Begin PBXGroup section */
		559AA7571D58E96E00316948 = {
			isa = PBXGroup;
			children = (
				559AA7621D58E96E00316948 /* Image Carousel */,
				559AA7611D58E96E00316948 /* Products */,
			);
			sourceTree = "<group>";
		};
		559AA7611D58E96E00316948 /* Products */ = {
			isa = PBXGroup;
			children = (
				559AA7601D58E96E00316948 /* Image Carousel.app */,
			);
			name = Products;
			sourceTree = "<group>";
		};
		559AA7621D58E96E00316948 /* Image Carousel */ = {
			isa = PBXGroup;
			children = (
				559AA7631D58E96E00316948 /* AppDelegate.swift */,
				559AA7651D58E96E00316948 /* ViewController.swift */,
				559AA7671D58E96E00316948 /* Main.storyboard */,
				559AA76A1D58E96E00316948 /* Assets.xcassets */,
				559AA76C1D58E96E00316948 /* LaunchScreen.storyboard */,
				559AA76F1D58E96E00316948 /* Info.plist */,
				559AA7771D58F41F00316948 /* ImageCarouselView.swift */,
			);
			path = "Image Carousel";
			sourceTree = "<group>";
		};
/* End PBXGroup section */

/* Begin PBXNativeTarget section */
		559AA75F1D58E96E00316948 /* Image Carousel */ = {
			isa = PBXNativeTarget;
			buildConfigurationList = 559AA7721D58E96E00316948 /* Build configuration list for PBXNativeTarget "Image Carousel" */;
			buildPhases = (
				559AA75C1D58E96E00316948 /* Sources */,
				559AA75D1D58E96E00316948 /* Frameworks */,
				559AA75E1D58E96E00316948 /* Resources */,
			);
			buildRules = (
			);
			dependencies = (
			);
			name = "Image Carousel";
			productName = "Image Carousel";
			productReference = 559AA7601D58E96E00316948 /* Image Carousel.app */;
			productType = "com.apple.product-type.application";
		};
/* End PBXNativeTarget section */

/* Begin PBXProject section */
		559AA7581D58E96E00316948 /* Project object */ = {
			isa = PBXProject;
			attributes = {
				LastSwiftUpdateCheck = 0730;
				LastUpgradeCheck = 0730;
				ORGANIZATIONNAME = "Roberto Rumbaut";
				TargetAttributes = {
					559AA75F1D58E96E00316948 = {
						CreatedOnToolsVersion = 7.3.1;
					};
				};
			};
			buildConfigurationList = 559AA75B1D58E96E00316948 /* Build configuration list for PBXProject "Image Carousel" */;
			compatibilityVersion = "Xcode 3.2";
			developmentRegion = English;
			hasScannedForEncodings = 0;
			knownRegions = (
				en,
				Base,
			);
			mainGroup = 559AA7571D58E96E00316948;
			productRefGroup = 559AA7611D58E96E00316948 /* Products */;
			projectDirPath = "";
			projectRoot = "";
			targets = (
				559AA75F1D58E96E00316948 /* Image Carousel */,
			);
		};
/* End PBXProject section */

/* Begin PBXResourcesBuildPhase section */
		559AA75E1D58E96E00316948 /* Resources */ = {
			isa = PBXResourcesBuildPhase;
			buildActionMask = 2147483647;
			files = (
				559AA76E1D58E96E00316948 /* LaunchScreen.storyboard in Resources */,
				559AA76B1D58E96E00316948 /* Assets.xcassets in Resources */,
				559AA7691D58E96E00316948 /* Main.storyboard in Resources */,
			);
			runOnlyForDeploymentPostprocessing = 0;
		};
/* End PBXResourcesBuildPhase section */

/* Begin PBXSourcesBuildPhase section */
		559AA75C1D58E96E00316948 /* Sources */ = {
			isa = PBXSourcesBuildPhase;
			buildActionMask = 2147483647;
			files = (
				559AA7661D58E96E00316948 /* ViewController.swift in Sources */,
				559AA7781D58F41F00316948 /* ImageCarouselView.swift in Sources */,
				559AA7641D58E96E00316948 /* AppDelegate.swift in Sources */,
			);
			runOnlyForDeploymentPostprocessing = 0;
		};
/* End PBXSourcesBuildPhase section */

/* Begin PBXVariantGroup section */
		559AA7671D58E96E00316948 /* Main.storyboard */ = {
			isa = PBXVariantGroup;
			children = (
				559AA7681D58E96E00316948 /* Base */,
			);
			name = Main.storyboard;
			sourceTree = "<group>";
		};
		559AA76C1D58E96E00316948 /* LaunchScreen.storyboard */ = {
			isa = PBXVariantGroup;
			children = (
				559AA76D1D58E96E00316948 /* Base */,
			);
			name = LaunchScreen.storyboard;
			sourceTree = "<group>";
		};
/* End PBXVariantGroup section */

/* Begin XCBuildConfiguration section */
		559AA7701D58E96E00316948 /* Debug */ = {
			isa = XCBuildConfiguration;
			buildSettings = {
				ALWAYS_SEARCH_USER_PATHS = NO;
				CLANG_ANALYZER_NONNULL = YES;
				CLANG_CXX_LANGUAGE_STANDARD = "gnu++0x";
				CLANG_CXX_LIBRARY = "libc++";
				CLANG_ENABLE_MODULES = YES;
				CLANG_ENABLE_OBJC_ARC = YES;
				CLANG_WARN_BOOL_CONVERSION = YES;
				CLANG_WARN_CONSTANT_CONVERSION = YES;
				CLANG_WARN_DIRECT_OBJC_ISA_USAGE = YES_ERROR;
				CLANG_WARN_EMPTY_BODY = YES;
				CLANG_WARN_ENUM_CONVERSION = YES;
				CLANG_WARN_INT_CONVERSION = YES;
				CLANG_WARN_OBJC_ROOT_CLASS = YES_ERROR;
				CLANG_WARN_UNREACHABLE_CODE = YES;
				CLANG_WARN__DUPLICATE_METHOD_MATCH = YES;
				"CODE_SIGN_IDENTITY[sdk=iphoneos*]" = "iPhone Developer";
				COPY_PHASE_STRIP = NO;
				DEBUG_INFORMATION_FORMAT = dwarf;
				ENABLE_STRICT_OBJC_MSGSEND = YES;
				ENABLE_TESTABILITY = YES;
				GCC_C_LANGUAGE_STANDARD = gnu99;
				GCC_DYNAMIC_NO_PIC = NO;
				GCC_NO_COMMON_BLOCKS = YES;
				GCC_OPTIMIZATION_LEVEL = 0;
				GCC_PREPROCESSOR_DEFINITIONS = (
					"DEBUG=1",
					"$(inherited)",
				);
				GCC_WARN_64_TO_32_BIT_CONVERSION = YES;
				GCC_WARN_ABOUT_RETURN_TYPE = YES_ERROR;
				GCC_WARN_UNDECLARED_SELECTOR = YES;
				GCC_WARN_UNINITIALIZED_AUTOS = YES_AGGRESSIVE;
				GCC_WARN_UNUSED_FUNCTION = YES;
				GCC_WARN_UNUSED_VARIABLE = YES;
				IPHONEOS_DEPLOYMENT_TARGET = 9.3;
				MTL_ENABLE_DEBUG_INFO = YES;
				ONLY_ACTIVE_ARCH = YES;
				SDKROOT = iphoneos;
				SWIFT_OPTIMIZATION_LEVEL = "-Onone";
				TARGETED_DEVICE_FAMILY = "1,2";
			};
			name = Debug;
		};
		559AA7711D58E96E00316948 /* Release */ = {
			isa = XCBuildConfiguration;
			buildSettings = {
				ALWAYS_SEARCH_USER_PATHS = NO;
				CLANG_ANALYZER_NONNULL = YES;
				CLANG_CXX_LANGUAGE_STANDARD = "gnu++0x";
				CLANG_CXX_LIBRARY = "libc++";
				CLANG_ENABLE_MODULES = YES;
				CLANG_ENABLE_OBJC_ARC = YES;
				CLANG_WARN_BOOL_CONVERSION = YES;
				CLANG_WARN_CONSTANT_CONVERSION = YES;
				CLANG_WARN_DIRECT_OBJC_ISA_USAGE = YES_ERROR;
				CLANG_WARN_EMPTY_BODY = YES;
				CLANG_WARN_ENUM_CONVERSION = YES;
				CLANG_WARN_INT_CONVERSION = YES;
				CLANG_WARN_OBJC_ROOT_CLASS = YES_ERROR;
				CLANG_WARN_UNREACHABLE_CODE = YES;
				CLANG_WARN__DUPLICATE_METHOD_MATCH = YES;
				"CODE_SIGN_IDENTITY[sdk=iphoneos*]" = "iPhone Developer";
				COPY_PHASE_STRIP = NO;
				DEBUG_INFORMATION_FORMAT = "dwarf-with-dsym";
				ENABLE_NS_ASSERTIONS = NO;
				ENABLE_STRICT_OBJC_MSGSEND = YES;
				GCC_C_LANGUAGE_STANDARD = gnu99;
				GCC_NO_COMMON_BLOCKS = YES;
				GCC_WARN_64_TO_32_BIT_CONVERSION = YES;
				GCC_WARN_ABOUT_RETURN_TYPE = YES_ERROR;
				GCC_WARN_UNDECLARED_SELECTOR = YES;
				GCC_WARN_UNINITIALIZED_AUTOS = YES_AGGRESSIVE;
				GCC_WARN_UNUSED_FUNCTION = YES;
				GCC_WARN_UNUSED_VARIABLE = YES;
				IPHONEOS_DEPLOYMENT_TARGET = 9.3;
				MTL_ENABLE_DEBUG_INFO = NO;
				SDKROOT = iphoneos;
				TARGETED_DEVICE_FAMILY = "1,2";
				VALIDATE_PRODUCT = YES;
			};
			name = Release;
		};
		559AA7731D58E96E00316948 /* Debug */ = {
			isa = XCBuildConfiguration;
			buildSettings = {
				ASSETCATALOG_COMPILER_APPICON_NAME = AppIcon;
				INFOPLIST_FILE = "Image Carousel/Info.plist";
				LD_RUNPATH_SEARCH_PATHS = "$(inherited) @executable_path/Frameworks";
				PRODUCT_BUNDLE_IDENTIFIER = "com.robertrum.Image-Carousel";
				PRODUCT_NAME = "$(TARGET_NAME)";
			};
			name = Debug;
		};
		559AA7741D58E96E00316948 /* Release */ = {
			isa = XCBuildConfiguration;
			buildSettings = {
				ASSETCATALOG_COMPILER_APPICON_NAME = AppIcon;
				INFOPLIST_FILE = "Image Carousel/Info.plist";
				LD_RUNPATH_SEARCH_PATHS = "$(inherited) @executable_path/Frameworks";
				PRODUCT_BUNDLE_IDENTIFIER = "com.robertrum.Image-Carousel";
				PRODUCT_NAME = "$(TARGET_NAME)";
			};
			name = Release;
		};
/* End XCBuildConfiguration section */

/* Begin XCConfigurationList section */
		559AA75B1D58E96E00316948 /* Build configuration list for PBXProject "Image Carousel" */ = {
			isa = XCConfigurationList;
			buildConfigurations = (
				559AA7701D58E96E00316948 /* Debug */,
				559AA7711D58E96E00316948 /* Release */,
			);
			defaultConfigurationIsVisible = 0;
			defaultConfigurationName = Release;
		};
		559AA7721D58E96E00316948 /* Build configuration list for PBXNativeTarget "Image Carousel" */ = {
			isa = XCConfigurationList;
			buildConfigurations = (
				559AA7731D58E96E00316948 /* Debug */,
				559AA7741D58E96E00316948 /* Release */,
			);
			defaultConfigurationIsVisible = 0;
			defaultConfigurationName = Release;
		};
/* End XCConfigurationList section */
	};
	rootObject = 559AA7581D58E96E00316948 /* Project object */;
}
